
Microsoft Visual Studio Solution File, Format Version 12.00
# Visual Studio Version 17
VisualStudioVersion = 17.14.37111.16 d17.14
MinimumVisualStudioVersion = 10.0.40219.1
Project("{FAE04EC0-301F-11D3-BF4B-00C04F79EFBC}") = "TouristDestinations_Component1", "TouristDestinations_Component1\TouristDestinations_Component1.csproj", "{8AF5006E-18F4-4E30-9CB9-484CE8F94CB2}"
EndProject
Project("{FAE04EC0-301F-11D3-BF4B-00C04F79EFBC}") = "TouristDestinations_Component2", "TouristDestinations_Component2\TouristDestinations_Component2.csproj", "{212D1CEE-38D4-4C43-9860-F75CBBEDF602}"
EndProject
Global
	GlobalSection(SolutionConfigurationPlatforms) = preSolution
		Debug|Any CPU = Debug|Any CPU
		Release|Any CPU = Release|Any CPU
	EndGlobalSection
	GlobalSection(ProjectConfigurationPlatforms) = postSolution
		{8AF5006E-18F4-4E30-9CB9-484CE8F94CB2}.Debug|Any CPU.ActiveCfg = Debug|Any CPU
		{8AF5006E-18F4-4E30-9CB9-484CE8F94CB2}.Debug|Any CPU.Build.0 = Debug|Any CPU
		{8AF5006E-18F4-4E30-9CB9-484CE8F94CB2}.Release|Any CPU.ActiveCfg = Release|Any CPU
		{8AF5006E-18F4-4E30-9CB9-484CE8F94CB2}.Release|Any CPU.Build.0 = Release|Any CPU
		{212D1CEE-38D4-4C43-9860-F75CBBEDF602}.Debug|Any CPU.ActiveCfg = Debug|Any CPU
		{212D1CEE-38D4-4C43-9860-F75CBBEDF602}.Debug|Any CPU.Build.0 = Debug|Any CPU
		{212D1CEE-38D4-4C43-9860-F75CBBEDF602}.Release|Any CPU.ActiveCfg = Release|Any CPU
		{212D1CEE-38D4-4C43-9860-F75CBBEDF602}.Release|Any CPU.Build.0 = Release|Any CPU
	EndGlobalSection
	GlobalSection(SolutionProperties) = preSolution
		HideSolutionNode = FALSE
	EndGlobalSection
	GlobalSection(ExtensibilityGlobals) = postSolution
		SolutionGuid = {6F40E85A-AE5F-4943-8AAB-24B155274EA7}
	EndGlobalSection
EndGlobal
